
Microsoft Visual Studio Solution File, Format Version 12.00
# Visual Studio Version 17
VisualStudioVersion = 17.3.32811.315
MinimumVisualStudioVersion = 10.0.40219.1
Project("{FAE04EC0-301F-11D3-BF4B-00C04F79EFBC}") = "TP-PW3", "TP-PW3\TP-PW3.csproj", "{197FFCCB-CFC4-48E6-A499-235B3EA265BB}"
EndProject
Global
	GlobalSection(SolutionConfigurationPlatforms) = preSolution
		Debug|Any CPU = Debug|Any CPU
		Release|Any CPU = Release|Any CPU
	EndGlobalSection
	GlobalSection(ProjectConfigurationPlatforms) = postSolution
		{197FFCCB-CFC4-48E6-A499-235B3EA265BB}.Debug|Any CPU.ActiveCfg = Debug|Any CPU
		{197FFCCB-CFC4-48E6-A499-235B3EA265BB}.Debug|Any CPU.Build.0 = Debug|Any CPU
		{197FFCCB-CFC4-48E6-A499-235B3EA265BB}.Release|Any CPU.ActiveCfg = Release|Any CPU
		{197FFCCB-CFC4-48E6-A499-235B3EA265BB}.Release|Any CPU.Build.0 = Release|Any CPU
	EndGlobalSection
	GlobalSection(SolutionProperties) = preSolution
		HideSolutionNode = FALSE
	EndGlobalSection
	GlobalSection(ExtensibilityGlobals) = postSolution
		SolutionGuid = {E6E6F628-2261-4D29-8305-5FFD13ED5ED0}
	EndGlobalSection
EndGlobal
